
Microsoft Visual Studio Solution File, Format Version 12.00
Project("{FAE04EC0-301F-11D3-BF4B-00C04F79EFBC}") = "LeetCode", "LeetCode\LeetCode.csproj", "{B362844B-3602-43A7-9FA4-265E09CBFC62}"
EndProject
Project("{FAE04EC0-301F-11D3-BF4B-00C04F79EFBC}") = "Palindrome Linked List", "Palindrome Linked List\Palindrome Linked List.csproj", "{C8548571-C4FB-4402-B965-A038256012C8}"
EndProject
Project("{FAE04EC0-301F-11D3-BF4B-00C04F79EFBC}") = "Two SUm", "Two SUm\Two SUm.csproj", "{F1765D28-8A37-4DBF-9AAD-88E38F45F02D}"
EndProject
Project("{FAE04EC0-301F-11D3-BF4B-00C04F79EFBC}") = "Roman to Integer", "Roman to Integer\Roman to Integer.csproj", "{428907C3-1802-42E2-B809-CDEE8565DA3D}"
EndProject
Project("{FAE04EC0-301F-11D3-BF4B-00C04F79EFBC}") = "Richest Customer Wealth", "Richest Customer Wealth\Richest Customer Wealth.csproj", "{22E056B5-9537-4D42-8067-9A08A016DF0B}"
EndProject
Project("{FAE04EC0-301F-11D3-BF4B-00C04F79EFBC}") = "Number of Steps to Reduce a Number to Zero", "Number of Steps to Reduce a Number to Zero\Number of Steps to Reduce a Number to Zero.csproj", "{F84E01B9-BE7D-4977-8C65-CCDE8FA23F85}"
EndProject
Project("{FAE04EC0-301F-11D3-BF4B-00C04F79EFBC}") = "The K Weakest Rows in a Matrix", "The K Weakest Rows in a Matrix\The K Weakest Rows in a Matrix.csproj", "{C1626B13-47CF-4858-9E64-5DCAA87E3A71}"
EndProject
Project("{FAE04EC0-301F-11D3-BF4B-00C04F79EFBC}") = "Middle of linked list", "Middle of linked list\Middle of linked list.csproj", "{309F0054-B180-464D-AD18-38828C7141E7}"
EndProject
Project("{FAE04EC0-301F-11D3-BF4B-00C04F79EFBC}") = "FizzBuzz", "FizzBuzz\FizzBuzz.csproj", "{FB333205-DA43-45E7-B511-4076D977A4A3}"
EndProject
Project("{FAE04EC0-301F-11D3-BF4B-00C04F79EFBC}") = "Ransom Note", "Ransom Note\Ransom Note.csproj", "{692D031A-7357-48F8-9EBD-BA692B86C7EC}"
EndProject
Global
	GlobalSection(SolutionConfigurationPlatforms) = preSolution
		Debug|Any CPU = Debug|Any CPU
		Release|Any CPU = Release|Any CPU
	EndGlobalSection
	GlobalSection(ProjectConfigurationPlatforms) = postSolution
		{B362844B-3602-43A7-9FA4-265E09CBFC62}.Debug|Any CPU.ActiveCfg = Debug|Any CPU
		{B362844B-3602-43A7-9FA4-265E09CBFC62}.Debug|Any CPU.Build.0 = Debug|Any CPU
		{B362844B-3602-43A7-9FA4-265E09CBFC62}.Release|Any CPU.ActiveCfg = Release|Any CPU
		{B362844B-3602-43A7-9FA4-265E09CBFC62}.Release|Any CPU.Build.0 = Release|Any CPU
		{C8548571-C4FB-4402-B965-A038256012C8}.Debug|Any CPU.ActiveCfg = Debug|Any CPU
		{C8548571-C4FB-4402-B965-A038256012C8}.Debug|Any CPU.Build.0 = Debug|Any CPU
		{C8548571-C4FB-4402-B965-A038256012C8}.Release|Any CPU.ActiveCfg = Release|Any CPU
		{C8548571-C4FB-4402-B965-A038256012C8}.Release|Any CPU.Build.0 = Release|Any CPU
		{F1765D28-8A37-4DBF-9AAD-88E38F45F02D}.Debug|Any CPU.ActiveCfg = Debug|Any CPU
		{F1765D28-8A37-4DBF-9AAD-88E38F45F02D}.Debug|Any CPU.Build.0 = Debug|Any CPU
		{F1765D28-8A37-4DBF-9AAD-88E38F45F02D}.Release|Any CPU.ActiveCfg = Release|Any CPU
		{F1765D28-8A37-4DBF-9AAD-88E38F45F02D}.Release|Any CPU.Build.0 = Release|Any CPU
		{428907C3-1802-42E2-B809-CDEE8565DA3D}.Debug|Any CPU.ActiveCfg = Debug|Any CPU
		{428907C3-1802-42E2-B809-CDEE8565DA3D}.Debug|Any CPU.Build.0 = Debug|Any CPU
		{428907C3-1802-42E2-B809-CDEE8565DA3D}.Release|Any CPU.ActiveCfg = Release|Any CPU
		{428907C3-1802-42E2-B809-CDEE8565DA3D}.Release|Any CPU.Build.0 = Release|Any CPU
		{22E056B5-9537-4D42-8067-9A08A016DF0B}.Debug|Any CPU.ActiveCfg = Debug|Any CPU
		{22E056B5-9537-4D42-8067-9A08A016DF0B}.Debug|Any CPU.Build.0 = Debug|Any CPU
		{22E056B5-9537-4D42-8067-9A08A016DF0B}.Release|Any CPU.ActiveCfg = Release|Any CPU
		{22E056B5-9537-4D42-8067-9A08A016DF0B}.Release|Any CPU.Build.0 = Release|Any CPU
		{F84E01B9-BE7D-4977-8C65-CCDE8FA23F85}.Debug|Any CPU.ActiveCfg = Debug|Any CPU
		{F84E01B9-BE7D-4977-8C65-CCDE8FA23F85}.Debug|Any CPU.Build.0 = Debug|Any CPU
		{F84E01B9-BE7D-4977-8C65-CCDE8FA23F85}.Release|Any CPU.ActiveCfg = Release|Any CPU
		{F84E01B9-BE7D-4977-8C65-CCDE8FA23F85}.Release|Any CPU.Build.0 = Release|Any CPU
		{C1626B13-47CF-4858-9E64-5DCAA87E3A71}.Debug|Any CPU.ActiveCfg = Debug|Any CPU
		{C1626B13-47CF-4858-9E64-5DCAA87E3A71}.Debug|Any CPU.Build.0 = Debug|Any CPU
		{C1626B13-47CF-4858-9E64-5DCAA87E3A71}.Release|Any CPU.ActiveCfg = Release|Any CPU
		{C1626B13-47CF-4858-9E64-5DCAA87E3A71}.Release|Any CPU.Build.0 = Release|Any CPU
		{309F0054-B180-464D-AD18-38828C7141E7}.Debug|Any CPU.ActiveCfg = Debug|Any CPU
		{309F0054-B180-464D-AD18-38828C7141E7}.Debug|Any CPU.Build.0 = Debug|Any CPU
		{309F0054-B180-464D-AD18-38828C7141E7}.Release|Any CPU.ActiveCfg = Release|Any CPU
		{309F0054-B180-464D-AD18-38828C7141E7}.Release|Any CPU.Build.0 = Release|Any CPU
		{FB333205-DA43-45E7-B511-4076D977A4A3}.Debug|Any CPU.ActiveCfg = Debug|Any CPU
		{FB333205-DA43-45E7-B511-4076D977A4A3}.Debug|Any CPU.Build.0 = Debug|Any CPU
		{FB333205-DA43-45E7-B511-4076D977A4A3}.Release|Any CPU.ActiveCfg = Release|Any CPU
		{FB333205-DA43-45E7-B511-4076D977A4A3}.Release|Any CPU.Build.0 = Release|Any CPU
		{692D031A-7357-48F8-9EBD-BA692B86C7EC}.Debug|Any CPU.ActiveCfg = Debug|Any CPU
		{692D031A-7357-48F8-9EBD-BA692B86C7EC}.Debug|Any CPU.Build.0 = Debug|Any CPU
		{692D031A-7357-48F8-9EBD-BA692B86C7EC}.Release|Any CPU.ActiveCfg = Release|Any CPU
		{692D031A-7357-48F8-9EBD-BA692B86C7EC}.Release|Any CPU.Build.0 = Release|Any CPU
	EndGlobalSection
EndGlobal
