
Microsoft Visual Studio Solution File, Format Version 12.00
Project("{FAE04EC0-301F-11D3-BF4B-00C04F79EFBC}") = "LeetCode", "LeetCode\LeetCode.csproj", "{B362844B-3602-43A7-9FA4-265E09CBFC62}"
EndProject
Project("{FAE04EC0-301F-11D3-BF4B-00C04F79EFBC}") = "Palindrome Linked List", "Palindrome Linked List\Palindrome Linked List.csproj", "{C8548571-C4FB-4402-B965-A038256012C8}"
EndProject
Project("{FAE04EC0-301F-11D3-BF4B-00C04F79EFBC}") = "Two SUm", "Two SUm\Two SUm.csproj", "{F1765D28-8A37-4DBF-9AAD-88E38F45F02D}"
EndProject
Project("{FAE04EC0-301F-11D3-BF4B-00C04F79EFBC}") = "Roman to Integer", "Roman to Integer\Roman to Integer.csproj", "{428907C3-1802-42E2-B809-CDEE8565DA3D}"
EndProject
Project("{FAE04EC0-301F-11D3-BF4B-00C04F79EFBC}") = "Richest Customer Wealth", "Richest Customer Wealth\Richest Customer Wealth.csproj", "{22E056B5-9537-4D42-8067-9A08A016DF0B}"
EndProject
Project("{FAE04EC0-301F-11D3-BF4B-00C04F79EFBC}") = "Number of Steps to Reduce a Number to Zero", "Number of Steps to Reduce a Number to Zero\Number of Steps to Reduce a Number to Zero.csproj", "{F84E01B9-BE7D-4977-8C65-CCDE8FA23F85}"
EndProject
Project("{FAE04EC0-301F-11D3-BF4B-00C04F79EFBC}") = "The K Weakest Rows in a Matrix", "The K Weakest Rows in a Matrix\The K Weakest Rows in a Matrix.csproj", "{C1626B13-47CF-4858-9E64-5DCAA87E3A71}"
EndProject
Project("{FAE04EC0-301F-11D3-BF4B-00C04F79EFBC}") = "Middle of linked list", "Middle of linked list\Middle of linked list.csproj", "{309F0054-B180-464D-AD18-38828C7141E7}"
EndProject
Project("{FAE04EC0-301F-11D3-BF4B-00C04F79EFBC}") = "FizzBuzz", "FizzBuzz\FizzBuzz.csproj", "{FB333205-DA43-45E7-B511-4076D977A4A3}"
EndProject
Project("{FAE04EC0-301F-11D3-BF4B-00C04F79EFBC}") = "Ransom Note", "Ransom Note\Ransom Note.csproj", "{692D031A-7357-48F8-9EBD-BA692B86C7EC}"
EndProject
Project("{FAE04EC0-301F-11D3-BF4B-00C04F79EFBC}") = "Kth Smallest Element in a Sorted Matrix", "Kth Smallest Element in a Sorted Matrix\Kth Smallest Element in a Sorted Matrix.csproj", "{F70FBE9A-B277-42B1-BA25-0F5D73C11468}"
EndProject
Project("{FAE04EC0-301F-11D3-BF4B-00C04F79EFBC}") = "Running Sum of 1d Array", "Running Sum of 1d Array\Running Sum of 1d Array.csproj", "{4D0A819F-B077-4F77-AB2F-25625C367451}"
EndProject
Project("{FAE04EC0-301F-11D3-BF4B-00C04F79EFBC}") = "Find pivot index", "Find pivot index\Find pivot index.csproj", "{E9C4BA02-C2C9-4254-8F93-36BD259E84BF}"
EndProject
Project("{FAE04EC0-301F-11D3-BF4B-00C04F79EFBC}") = "Isomorphic strings", "Isomorphic strings\Isomorphic strings.csproj", "{4CC496DF-C1EC-4F1D-93E2-BC387A2D4ADA}"
EndProject
Project("{FAE04EC0-301F-11D3-BF4B-00C04F79EFBC}") = "IsSubsequence", "IsSubsequence\IsSubsequence.csproj", "{77A0DFA8-D056-4489-A916-219C8C65AF04}"
EndProject
Project("{FAE04EC0-301F-11D3-BF4B-00C04F79EFBC}") = "Playground", "Playground\Playground.csproj", "{02639B10-4CBE-46F4-81E9-57FA8DDA6294}"
EndProject
Project("{FAE04EC0-301F-11D3-BF4B-00C04F79EFBC}") = "MyCalendar", "MyCalendar\MyCalendar.csproj", "{72BB0702-E166-4E0F-BEBC-8CD2526F1526}"
EndProject
Project("{FAE04EC0-301F-11D3-BF4B-00C04F79EFBC}") = "Merge two sorted list nodes", "Merge two sorted list nodes\Merge two sorted list nodes.csproj", "{42BE56CA-CF4C-4135-9252-2B54DBC18ED5}"
EndProject
Project("{FAE04EC0-301F-11D3-BF4B-00C04F79EFBC}") = "Reverse linked list", "Reverse linked list\Reverse linked list.csproj", "{05AB2D44-306B-4DD2-A587-6B7C594ED37A}"
EndProject
Project("{FAE04EC0-301F-11D3-BF4B-00C04F79EFBC}") = "Valid parentheses", "Valid parentheses\Valid parentheses.csproj", "{9421A2FB-37A1-4D23-9F26-03F4273F6FBA}"
EndProject
Project("{FAE04EC0-301F-11D3-BF4B-00C04F79EFBC}") = "Longest common prefix", "Longest common prefix\Longest common prefix.csproj", "{31199138-1D5C-45F1-8E7F-46B355EB1AC5}"
EndProject
Project("{FAE04EC0-301F-11D3-BF4B-00C04F79EFBC}") = "Remove Duplicates from Sorted Array", "Remove Duplicates from Sorted Array\Remove Duplicates from Sorted Array.csproj", "{427CE82A-8405-4F84-8F6E-5903E14CA4B5}"
EndProject
Project("{FAE04EC0-301F-11D3-BF4B-00C04F79EFBC}") = "CombinationSumIV", "CombinationSumIV\CombinationSumIV.csproj", "{E489A85B-77CD-4583-9669-5110D876B810}"
EndProject
Project("{FAE04EC0-301F-11D3-BF4B-00C04F79EFBC}") = "Remove Element", "Remove Element\Remove Element.csproj", "{EE3C08EF-FF89-48A8-95C8-B8A218FA5EFD}"
EndProject
Project("{FAE04EC0-301F-11D3-BF4B-00C04F79EFBC}") = "Linked List Cycle", "Linked List Cycle\Linked List Cycle.csproj", "{E4CB36F1-06DF-429E-A4AE-25F68794D2AD}"
EndProject
Project("{FAE04EC0-301F-11D3-BF4B-00C04F79EFBC}") = "Best Time to Buy and Sell Stock", "Best Time to Buy and Sell Stock\Best Time to Buy and Sell Stock.csproj", "{47D515DC-505D-48B0-93FD-F6D80D6EE141}"
EndProject
Project("{FAE04EC0-301F-11D3-BF4B-00C04F79EFBC}") = "Longest Palindrome", "Longest Palindrome\Longest Palindrome.csproj", "{AEA4B8D9-9594-4F99-95D5-DE92C49D0063}"
EndProject
Project("{FAE04EC0-301F-11D3-BF4B-00C04F79EFBC}") = "N-ary Tree Preorder Traversal", "N-ary Tree Preorder Traversal\N-ary Tree Preorder Traversal.csproj", "{313A3BD2-4F40-441D-A284-05D97C1CAE8A}"
EndProject
Project("{FAE04EC0-301F-11D3-BF4B-00C04F79EFBC}") = "Binary Tree Level Order Traversal", "Binary Tree Level Order Traversal\Binary Tree Level Order Traversal.csproj", "{607CE8B5-188E-4185-B072-83496E31F2F5}"
EndProject
Project("{FAE04EC0-301F-11D3-BF4B-00C04F79EFBC}") = "Binary Search", "Binary Search\Binary Search.csproj", "{7BBCE8BF-02B7-4579-97FE-00C0D7FC4A93}"
EndProject
Project("{FAE04EC0-301F-11D3-BF4B-00C04F79EFBC}") = "First Bad Version", "First Bad Version\First Bad Version.csproj", "{216B1D68-7E84-4C48-B2F8-2AF98D7534A1}"
EndProject
Global
	GlobalSection(SolutionConfigurationPlatforms) = preSolution
		Debug|Any CPU = Debug|Any CPU
		Release|Any CPU = Release|Any CPU
	EndGlobalSection
	GlobalSection(ProjectConfigurationPlatforms) = postSolution
		{B362844B-3602-43A7-9FA4-265E09CBFC62}.Debug|Any CPU.ActiveCfg = Debug|Any CPU
		{B362844B-3602-43A7-9FA4-265E09CBFC62}.Debug|Any CPU.Build.0 = Debug|Any CPU
		{B362844B-3602-43A7-9FA4-265E09CBFC62}.Release|Any CPU.ActiveCfg = Release|Any CPU
		{B362844B-3602-43A7-9FA4-265E09CBFC62}.Release|Any CPU.Build.0 = Release|Any CPU
		{C8548571-C4FB-4402-B965-A038256012C8}.Debug|Any CPU.ActiveCfg = Debug|Any CPU
		{C8548571-C4FB-4402-B965-A038256012C8}.Debug|Any CPU.Build.0 = Debug|Any CPU
		{C8548571-C4FB-4402-B965-A038256012C8}.Release|Any CPU.ActiveCfg = Release|Any CPU
		{C8548571-C4FB-4402-B965-A038256012C8}.Release|Any CPU.Build.0 = Release|Any CPU
		{F1765D28-8A37-4DBF-9AAD-88E38F45F02D}.Debug|Any CPU.ActiveCfg = Debug|Any CPU
		{F1765D28-8A37-4DBF-9AAD-88E38F45F02D}.Debug|Any CPU.Build.0 = Debug|Any CPU
		{F1765D28-8A37-4DBF-9AAD-88E38F45F02D}.Release|Any CPU.ActiveCfg = Release|Any CPU
		{F1765D28-8A37-4DBF-9AAD-88E38F45F02D}.Release|Any CPU.Build.0 = Release|Any CPU
		{428907C3-1802-42E2-B809-CDEE8565DA3D}.Debug|Any CPU.ActiveCfg = Debug|Any CPU
		{428907C3-1802-42E2-B809-CDEE8565DA3D}.Debug|Any CPU.Build.0 = Debug|Any CPU
		{428907C3-1802-42E2-B809-CDEE8565DA3D}.Release|Any CPU.ActiveCfg = Release|Any CPU
		{428907C3-1802-42E2-B809-CDEE8565DA3D}.Release|Any CPU.Build.0 = Release|Any CPU
		{22E056B5-9537-4D42-8067-9A08A016DF0B}.Debug|Any CPU.ActiveCfg = Debug|Any CPU
		{22E056B5-9537-4D42-8067-9A08A016DF0B}.Debug|Any CPU.Build.0 = Debug|Any CPU
		{22E056B5-9537-4D42-8067-9A08A016DF0B}.Release|Any CPU.ActiveCfg = Release|Any CPU
		{22E056B5-9537-4D42-8067-9A08A016DF0B}.Release|Any CPU.Build.0 = Release|Any CPU
		{F84E01B9-BE7D-4977-8C65-CCDE8FA23F85}.Debug|Any CPU.ActiveCfg = Debug|Any CPU
		{F84E01B9-BE7D-4977-8C65-CCDE8FA23F85}.Debug|Any CPU.Build.0 = Debug|Any CPU
		{F84E01B9-BE7D-4977-8C65-CCDE8FA23F85}.Release|Any CPU.ActiveCfg = Release|Any CPU
		{F84E01B9-BE7D-4977-8C65-CCDE8FA23F85}.Release|Any CPU.Build.0 = Release|Any CPU
		{C1626B13-47CF-4858-9E64-5DCAA87E3A71}.Debug|Any CPU.ActiveCfg = Debug|Any CPU
		{C1626B13-47CF-4858-9E64-5DCAA87E3A71}.Debug|Any CPU.Build.0 = Debug|Any CPU
		{C1626B13-47CF-4858-9E64-5DCAA87E3A71}.Release|Any CPU.ActiveCfg = Release|Any CPU
		{C1626B13-47CF-4858-9E64-5DCAA87E3A71}.Release|Any CPU.Build.0 = Release|Any CPU
		{309F0054-B180-464D-AD18-38828C7141E7}.Debug|Any CPU.ActiveCfg = Debug|Any CPU
		{309F0054-B180-464D-AD18-38828C7141E7}.Debug|Any CPU.Build.0 = Debug|Any CPU
		{309F0054-B180-464D-AD18-38828C7141E7}.Release|Any CPU.ActiveCfg = Release|Any CPU
		{309F0054-B180-464D-AD18-38828C7141E7}.Release|Any CPU.Build.0 = Release|Any CPU
		{FB333205-DA43-45E7-B511-4076D977A4A3}.Debug|Any CPU.ActiveCfg = Debug|Any CPU
		{FB333205-DA43-45E7-B511-4076D977A4A3}.Debug|Any CPU.Build.0 = Debug|Any CPU
		{FB333205-DA43-45E7-B511-4076D977A4A3}.Release|Any CPU.ActiveCfg = Release|Any CPU
		{FB333205-DA43-45E7-B511-4076D977A4A3}.Release|Any CPU.Build.0 = Release|Any CPU
		{692D031A-7357-48F8-9EBD-BA692B86C7EC}.Debug|Any CPU.ActiveCfg = Debug|Any CPU
		{692D031A-7357-48F8-9EBD-BA692B86C7EC}.Debug|Any CPU.Build.0 = Debug|Any CPU
		{692D031A-7357-48F8-9EBD-BA692B86C7EC}.Release|Any CPU.ActiveCfg = Release|Any CPU
		{692D031A-7357-48F8-9EBD-BA692B86C7EC}.Release|Any CPU.Build.0 = Release|Any CPU
		{F70FBE9A-B277-42B1-BA25-0F5D73C11468}.Debug|Any CPU.ActiveCfg = Debug|Any CPU
		{F70FBE9A-B277-42B1-BA25-0F5D73C11468}.Debug|Any CPU.Build.0 = Debug|Any CPU
		{F70FBE9A-B277-42B1-BA25-0F5D73C11468}.Release|Any CPU.ActiveCfg = Release|Any CPU
		{F70FBE9A-B277-42B1-BA25-0F5D73C11468}.Release|Any CPU.Build.0 = Release|Any CPU
		{4D0A819F-B077-4F77-AB2F-25625C367451}.Debug|Any CPU.ActiveCfg = Debug|Any CPU
		{4D0A819F-B077-4F77-AB2F-25625C367451}.Debug|Any CPU.Build.0 = Debug|Any CPU
		{4D0A819F-B077-4F77-AB2F-25625C367451}.Release|Any CPU.ActiveCfg = Release|Any CPU
		{4D0A819F-B077-4F77-AB2F-25625C367451}.Release|Any CPU.Build.0 = Release|Any CPU
		{E9C4BA02-C2C9-4254-8F93-36BD259E84BF}.Debug|Any CPU.ActiveCfg = Debug|Any CPU
		{E9C4BA02-C2C9-4254-8F93-36BD259E84BF}.Debug|Any CPU.Build.0 = Debug|Any CPU
		{E9C4BA02-C2C9-4254-8F93-36BD259E84BF}.Release|Any CPU.ActiveCfg = Release|Any CPU
		{E9C4BA02-C2C9-4254-8F93-36BD259E84BF}.Release|Any CPU.Build.0 = Release|Any CPU
		{4CC496DF-C1EC-4F1D-93E2-BC387A2D4ADA}.Debug|Any CPU.ActiveCfg = Debug|Any CPU
		{4CC496DF-C1EC-4F1D-93E2-BC387A2D4ADA}.Debug|Any CPU.Build.0 = Debug|Any CPU
		{4CC496DF-C1EC-4F1D-93E2-BC387A2D4ADA}.Release|Any CPU.ActiveCfg = Release|Any CPU
		{4CC496DF-C1EC-4F1D-93E2-BC387A2D4ADA}.Release|Any CPU.Build.0 = Release|Any CPU
		{77A0DFA8-D056-4489-A916-219C8C65AF04}.Debug|Any CPU.ActiveCfg = Debug|Any CPU
		{77A0DFA8-D056-4489-A916-219C8C65AF04}.Debug|Any CPU.Build.0 = Debug|Any CPU
		{77A0DFA8-D056-4489-A916-219C8C65AF04}.Release|Any CPU.ActiveCfg = Release|Any CPU
		{77A0DFA8-D056-4489-A916-219C8C65AF04}.Release|Any CPU.Build.0 = Release|Any CPU
		{02639B10-4CBE-46F4-81E9-57FA8DDA6294}.Debug|Any CPU.ActiveCfg = Debug|Any CPU
		{02639B10-4CBE-46F4-81E9-57FA8DDA6294}.Debug|Any CPU.Build.0 = Debug|Any CPU
		{02639B10-4CBE-46F4-81E9-57FA8DDA6294}.Release|Any CPU.ActiveCfg = Release|Any CPU
		{02639B10-4CBE-46F4-81E9-57FA8DDA6294}.Release|Any CPU.Build.0 = Release|Any CPU
		{72BB0702-E166-4E0F-BEBC-8CD2526F1526}.Debug|Any CPU.ActiveCfg = Debug|Any CPU
		{72BB0702-E166-4E0F-BEBC-8CD2526F1526}.Debug|Any CPU.Build.0 = Debug|Any CPU
		{72BB0702-E166-4E0F-BEBC-8CD2526F1526}.Release|Any CPU.ActiveCfg = Release|Any CPU
		{72BB0702-E166-4E0F-BEBC-8CD2526F1526}.Release|Any CPU.Build.0 = Release|Any CPU
		{42BE56CA-CF4C-4135-9252-2B54DBC18ED5}.Debug|Any CPU.ActiveCfg = Debug|Any CPU
		{42BE56CA-CF4C-4135-9252-2B54DBC18ED5}.Debug|Any CPU.Build.0 = Debug|Any CPU
		{42BE56CA-CF4C-4135-9252-2B54DBC18ED5}.Release|Any CPU.ActiveCfg = Release|Any CPU
		{42BE56CA-CF4C-4135-9252-2B54DBC18ED5}.Release|Any CPU.Build.0 = Release|Any CPU
		{05AB2D44-306B-4DD2-A587-6B7C594ED37A}.Debug|Any CPU.ActiveCfg = Debug|Any CPU
		{05AB2D44-306B-4DD2-A587-6B7C594ED37A}.Debug|Any CPU.Build.0 = Debug|Any CPU
		{05AB2D44-306B-4DD2-A587-6B7C594ED37A}.Release|Any CPU.ActiveCfg = Release|Any CPU
		{05AB2D44-306B-4DD2-A587-6B7C594ED37A}.Release|Any CPU.Build.0 = Release|Any CPU
		{9421A2FB-37A1-4D23-9F26-03F4273F6FBA}.Debug|Any CPU.ActiveCfg = Debug|Any CPU
		{9421A2FB-37A1-4D23-9F26-03F4273F6FBA}.Debug|Any CPU.Build.0 = Debug|Any CPU
		{9421A2FB-37A1-4D23-9F26-03F4273F6FBA}.Release|Any CPU.ActiveCfg = Release|Any CPU
		{9421A2FB-37A1-4D23-9F26-03F4273F6FBA}.Release|Any CPU.Build.0 = Release|Any CPU
		{31199138-1D5C-45F1-8E7F-46B355EB1AC5}.Debug|Any CPU.ActiveCfg = Debug|Any CPU
		{31199138-1D5C-45F1-8E7F-46B355EB1AC5}.Debug|Any CPU.Build.0 = Debug|Any CPU
		{31199138-1D5C-45F1-8E7F-46B355EB1AC5}.Release|Any CPU.ActiveCfg = Release|Any CPU
		{31199138-1D5C-45F1-8E7F-46B355EB1AC5}.Release|Any CPU.Build.0 = Release|Any CPU
		{427CE82A-8405-4F84-8F6E-5903E14CA4B5}.Debug|Any CPU.ActiveCfg = Debug|Any CPU
		{427CE82A-8405-4F84-8F6E-5903E14CA4B5}.Debug|Any CPU.Build.0 = Debug|Any CPU
		{427CE82A-8405-4F84-8F6E-5903E14CA4B5}.Release|Any CPU.ActiveCfg = Release|Any CPU
		{427CE82A-8405-4F84-8F6E-5903E14CA4B5}.Release|Any CPU.Build.0 = Release|Any CPU
		{E489A85B-77CD-4583-9669-5110D876B810}.Debug|Any CPU.ActiveCfg = Debug|Any CPU
		{E489A85B-77CD-4583-9669-5110D876B810}.Debug|Any CPU.Build.0 = Debug|Any CPU
		{E489A85B-77CD-4583-9669-5110D876B810}.Release|Any CPU.ActiveCfg = Release|Any CPU
		{E489A85B-77CD-4583-9669-5110D876B810}.Release|Any CPU.Build.0 = Release|Any CPU
		{EE3C08EF-FF89-48A8-95C8-B8A218FA5EFD}.Debug|Any CPU.ActiveCfg = Debug|Any CPU
		{EE3C08EF-FF89-48A8-95C8-B8A218FA5EFD}.Debug|Any CPU.Build.0 = Debug|Any CPU
		{EE3C08EF-FF89-48A8-95C8-B8A218FA5EFD}.Release|Any CPU.ActiveCfg = Release|Any CPU
		{EE3C08EF-FF89-48A8-95C8-B8A218FA5EFD}.Release|Any CPU.Build.0 = Release|Any CPU
		{E4CB36F1-06DF-429E-A4AE-25F68794D2AD}.Debug|Any CPU.ActiveCfg = Debug|Any CPU
		{E4CB36F1-06DF-429E-A4AE-25F68794D2AD}.Debug|Any CPU.Build.0 = Debug|Any CPU
		{E4CB36F1-06DF-429E-A4AE-25F68794D2AD}.Release|Any CPU.ActiveCfg = Release|Any CPU
		{E4CB36F1-06DF-429E-A4AE-25F68794D2AD}.Release|Any CPU.Build.0 = Release|Any CPU
		{47D515DC-505D-48B0-93FD-F6D80D6EE141}.Debug|Any CPU.ActiveCfg = Debug|Any CPU
		{47D515DC-505D-48B0-93FD-F6D80D6EE141}.Debug|Any CPU.Build.0 = Debug|Any CPU
		{47D515DC-505D-48B0-93FD-F6D80D6EE141}.Release|Any CPU.ActiveCfg = Release|Any CPU
		{47D515DC-505D-48B0-93FD-F6D80D6EE141}.Release|Any CPU.Build.0 = Release|Any CPU
		{AEA4B8D9-9594-4F99-95D5-DE92C49D0063}.Debug|Any CPU.ActiveCfg = Debug|Any CPU
		{AEA4B8D9-9594-4F99-95D5-DE92C49D0063}.Debug|Any CPU.Build.0 = Debug|Any CPU
		{AEA4B8D9-9594-4F99-95D5-DE92C49D0063}.Release|Any CPU.ActiveCfg = Release|Any CPU
		{AEA4B8D9-9594-4F99-95D5-DE92C49D0063}.Release|Any CPU.Build.0 = Release|Any CPU
		{313A3BD2-4F40-441D-A284-05D97C1CAE8A}.Debug|Any CPU.ActiveCfg = Debug|Any CPU
		{313A3BD2-4F40-441D-A284-05D97C1CAE8A}.Debug|Any CPU.Build.0 = Debug|Any CPU
		{313A3BD2-4F40-441D-A284-05D97C1CAE8A}.Release|Any CPU.ActiveCfg = Release|Any CPU
		{313A3BD2-4F40-441D-A284-05D97C1CAE8A}.Release|Any CPU.Build.0 = Release|Any CPU
		{607CE8B5-188E-4185-B072-83496E31F2F5}.Debug|Any CPU.ActiveCfg = Debug|Any CPU
		{607CE8B5-188E-4185-B072-83496E31F2F5}.Debug|Any CPU.Build.0 = Debug|Any CPU
		{607CE8B5-188E-4185-B072-83496E31F2F5}.Release|Any CPU.ActiveCfg = Release|Any CPU
		{607CE8B5-188E-4185-B072-83496E31F2F5}.Release|Any CPU.Build.0 = Release|Any CPU
		{7BBCE8BF-02B7-4579-97FE-00C0D7FC4A93}.Debug|Any CPU.ActiveCfg = Debug|Any CPU
		{7BBCE8BF-02B7-4579-97FE-00C0D7FC4A93}.Debug|Any CPU.Build.0 = Debug|Any CPU
		{7BBCE8BF-02B7-4579-97FE-00C0D7FC4A93}.Release|Any CPU.ActiveCfg = Release|Any CPU
		{7BBCE8BF-02B7-4579-97FE-00C0D7FC4A93}.Release|Any CPU.Build.0 = Release|Any CPU
		{216B1D68-7E84-4C48-B2F8-2AF98D7534A1}.Debug|Any CPU.ActiveCfg = Debug|Any CPU
		{216B1D68-7E84-4C48-B2F8-2AF98D7534A1}.Debug|Any CPU.Build.0 = Debug|Any CPU
		{216B1D68-7E84-4C48-B2F8-2AF98D7534A1}.Release|Any CPU.ActiveCfg = Release|Any CPU
		{216B1D68-7E84-4C48-B2F8-2AF98D7534A1}.Release|Any CPU.Build.0 = Release|Any CPU
	EndGlobalSection
EndGlobal
